// !$*UTF8*$!
{
	archiveVersion = 1;
	classes = {
	};
	objectVersion = 51;
	objects = {

/* Begin PBXBuildFile section */
		26C8BE9B0B9C639C5C136E8C /* Pods_TimeTableTest67th.framework in Frameworks */ = {isa = PBXBuildFile; fileRef = C60AFB0E8569143EEBBA60A3 /* Pods_TimeTableTest67th.framework */; };
		D127DB122500EF2400EEBF3E /* AppDelegate.swift in Sources */ = {isa = PBXBuildFile; fileRef = D127DB112500EF2400EEBF3E /* AppDelegate.swift */; };
		D127DB142500EF2400EEBF3E /* SceneDelegate.swift in Sources */ = {isa = PBXBuildFile; fileRef = D127DB132500EF2400EEBF3E /* SceneDelegate.swift */; };
		D127DB162500EF2400EEBF3E /* ViewController.swift in Sources */ = {isa = PBXBuildFile; fileRef = D127DB152500EF2400EEBF3E /* ViewController.swift */; };
		D127DB192500EF2400EEBF3E /* Main.storyboard in Resources */ = {isa = PBXBuildFile; fileRef = D127DB172500EF2400EEBF3E /* Main.storyboard */; };
		D127DB1B2500EF2600EEBF3E /* Assets.xcassets in Resources */ = {isa = PBXBuildFile; fileRef = D127DB1A2500EF2600EEBF3E /* Assets.xcassets */; };
		D127DB1E2500EF2600EEBF3E /* LaunchScreen.storyboard in Resources */ = {isa = PBXBuildFile; fileRef = D127DB1C2500EF2600EEBF3E /* LaunchScreen.storyboard */; };
		D127DB262500F1C100EEBF3E /* GoogleService-Info.plist in Resources */ = {isa = PBXBuildFile; fileRef = D127DB252500F1C100EEBF3E /* GoogleService-Info.plist */; };
		D127DB282500FA5F00EEBF3E /* SlotCell.xib in Resources */ = {isa = PBXBuildFile; fileRef = D127DB272500FA5F00EEBF3E /* SlotCell.xib */; };
		D127DB2A2500FAC100EEBF3E /* Cells.swift in Sources */ = {isa = PBXBuildFile; fileRef = D127DB292500FAC100EEBF3E /* Cells.swift */; };
		D127DB2C2500FACE00EEBF3E /* Models.swift in Sources */ = {isa = PBXBuildFile; fileRef = D127DB2B2500FACE00EEBF3E /* Models.swift */; };
/* End PBXBuildFile section */

/* Begin PBXFileReference section */
		89AEFC43962163828F48EF59 /* Pods-TimeTableTest67th.release.xcconfig */ = {isa = PBXFileReference; includeInIndex = 1; lastKnownFileType = text.xcconfig; name = "Pods-TimeTableTest67th.release.xcconfig"; path = "Target Support Files/Pods-TimeTableTest67th/Pods-TimeTableTest67th.release.xcconfig"; sourceTree = "<group>"; };
		C60AFB0E8569143EEBBA60A3 /* Pods_TimeTableTest67th.framework */ = {isa = PBXFileReference; explicitFileType = wrapper.framework; includeInIndex = 0; path = Pods_TimeTableTest67th.framework; sourceTree = BUILT_PRODUCTS_DIR; };
		D127DB0E2500EF2400EEBF3E /* TimeTableTest67th.app */ = {isa = PBXFileReference; explicitFileType = wrapper.application; includeInIndex = 0; path = TimeTableTest67th.app; sourceTree = BUILT_PRODUCTS_DIR; };
		D127DB112500EF2400EEBF3E /* AppDelegate.swift */ = {isa = PBXFileReference; lastKnownFileType = sourcecode.swift; path = AppDelegate.swift; sourceTree = "<group>"; };
		D127DB132500EF2400EEBF3E /* SceneDelegate.swift */ = {isa = PBXFileReference; lastKnownFileType = sourcecode.swift; path = SceneDelegate.swift; sourceTree = "<group>"; };
		D127DB152500EF2400EEBF3E /* ViewController.swift */ = {isa = PBXFileReference; lastKnownFileType = sourcecode.swift; path = ViewController.swift; sourceTree = "<group>"; };
		D127DB182500EF2400EEBF3E /* Base */ = {isa = PBXFileReference; lastKnownFileType = file.storyboard; name = Base; path = Base.lproj/Main.storyboard; sourceTree = "<group>"; };
		D127DB1A2500EF2600EEBF3E /* Assets.xcassets */ = {isa = PBXFileReference; lastKnownFileType = folder.assetcatalog; path = Assets.xcassets; sourceTree = "<group>"; };
		D127DB1D2500EF2600EEBF3E /* Base */ = {isa = PBXFileReference; lastKnownFileType = file.storyboard; name = Base; path = Base.lproj/LaunchScreen.storyboard; sourceTree = "<group>"; };
		D127DB1F2500EF2600EEBF3E /* Info.plist */ = {isa = PBXFileReference; lastKnownFileType = text.plist.xml; path = Info.plist; sourceTree = "<group>"; };
		D127DB252500F1C100EEBF3E /* GoogleService-Info.plist */ = {isa = PBXFileReference; fileEncoding = 4; lastKnownFileType = text.plist.xml; path = "GoogleService-Info.plist"; sourceTree = "<group>"; };
		D127DB272500FA5F00EEBF3E /* SlotCell.xib */ = {isa = PBXFileReference; fileEncoding = 4; lastKnownFileType = file.xib; path = SlotCell.xib; sourceTree = "<group>"; };
		D127DB292500FAC100EEBF3E /* Cells.swift */ = {isa = PBXFileReference; fileEncoding = 4; lastKnownFileType = sourcecode.swift; path = Cells.swift; sourceTree = "<group>"; };
		D127DB2B2500FACE00EEBF3E /* Models.swift */ = {isa = PBXFileReference; fileEncoding = 4; lastKnownFileType = sourcecode.swift; path = Models.swift; sourceTree = "<group>"; };
		E92314BAC77061172C4F1819 /* Pods-TimeTableTest67th.debug.xcconfig */ = {isa = PBXFileReference; includeInIndex = 1; lastKnownFileType = text.xcconfig; name = "Pods-TimeTableTest67th.debug.xcconfig"; path = "Target Support Files/Pods-TimeTableTest67th/Pods-TimeTableTest67th.debug.xcconfig"; sourceTree = "<group>"; };
/* End PBXFileReference section */

/* Begin PBXFrameworksBuildPhase section */
		D127DB0B2500EF2400EEBF3E /* Frameworks */ = {
			isa = PBXFrameworksBuildPhase;
			buildActionMask = 2147483647;
			files = (
				26C8BE9B0B9C639C5C136E8C /* Pods_TimeTableTest67th.framework in Frameworks */,
			);
			runOnlyForDeploymentPostprocessing = 0;
		};
/* End PBXFrameworksBuildPhase section */

/* Begin PBXGroup section */
		651E9D1E8325F868DC3C319B /* Pods */ = {
			isa = PBXGroup;
			children = (
				E92314BAC77061172C4F1819 /* Pods-TimeTableTest67th.debug.xcconfig */,
				89AEFC43962163828F48EF59 /* Pods-TimeTableTest67th.release.xcconfig */,
			);
			path = Pods;
			sourceTree = "<group>";
		};
		72109F09517878C94365EB79 /* Frameworks */ = {
			isa = PBXGroup;
			children = (
				C60AFB0E8569143EEBBA60A3 /* Pods_TimeTableTest67th.framework */,
			);
			name = Frameworks;
			sourceTree = "<group>";
		};
		D127DB052500EF2400EEBF3E = {
			isa = PBXGroup;
			children = (
				D127DB102500EF2400EEBF3E /* TimeTableTest67th */,
				D127DB0F2500EF2400EEBF3E /* Products */,
				651E9D1E8325F868DC3C319B /* Pods */,
				72109F09517878C94365EB79 /* Frameworks */,
			);
			sourceTree = "<group>";
		};
		D127DB0F2500EF2400EEBF3E /* Products */ = {
			isa = PBXGroup;
			children = (
				D127DB0E2500EF2400EEBF3E /* TimeTableTest67th.app */,
			);
			name = Products;
			sourceTree = "<group>";
		};
		D127DB102500EF2400EEBF3E /* TimeTableTest67th */ = {
			isa = PBXGroup;
			children = (
				D127DB252500F1C100EEBF3E /* GoogleService-Info.plist */,
				D127DB112500EF2400EEBF3E /* AppDelegate.swift */,
				D127DB132500EF2400EEBF3E /* SceneDelegate.swift */,
				D127DB152500EF2400EEBF3E /* ViewController.swift */,
				D127DB172500EF2400EEBF3E /* Main.storyboard */,
				D127DB1A2500EF2600EEBF3E /* Assets.xcassets */,
				D127DB1C2500EF2600EEBF3E /* LaunchScreen.storyboard */,
				D127DB1F2500EF2600EEBF3E /* Info.plist */,
				D127DB272500FA5F00EEBF3E /* SlotCell.xib */,
				D127DB292500FAC100EEBF3E /* Cells.swift */,
				D127DB2B2500FACE00EEBF3E /* Models.swift */,
			);
			path = TimeTableTest67th;
			sourceTree = "<group>";
		};
/* End PBXGroup section */

/* Begin PBXNativeTarget section */
		D127DB0D2500EF2400EEBF3E /* TimeTableTest67th */ = {
			isa = PBXNativeTarget;
			buildConfigurationList = D127DB222500EF2600EEBF3E /* Build configuration list for PBXNativeTarget "TimeTableTest67th" */;
			buildPhases = (
				CD99346BC410CBB1790692A8 /* [CP] Check Pods Manifest.lock */,
				D127DB0A2500EF2400EEBF3E /* Sources */,
				D127DB0B2500EF2400EEBF3E /* Frameworks */,
				D127DB0C2500EF2400EEBF3E /* Resources */,
				BDB076E25EA3C6B57FBB4CA8 /* [CP] Embed Pods Frameworks */,
			);
			buildRules = (
			);
			dependencies = (
			);
			name = TimeTableTest67th;
			productName = TimeTableTest67th;
			productReference = D127DB0E2500EF2400EEBF3E /* TimeTableTest67th.app */;
			productType = "com.apple.product-type.application";
		};
/* End PBXNativeTarget section */

/* Begin PBXProject section */
		D127DB062500EF2400EEBF3E /* Project object */ = {
			isa = PBXProject;
			attributes = {
				LastSwiftUpdateCheck = 1160;
				LastUpgradeCheck = 1160;
				ORGANIZATIONNAME = aoyagih;
				TargetAttributes = {
					D127DB0D2500EF2400EEBF3E = {
						CreatedOnToolsVersion = 11.6;
					};
				};
			};
			buildConfigurationList = D127DB092500EF2400EEBF3E /* Build configuration list for PBXProject "TimeTableTest67th" */;
			compatibilityVersion = "Xcode 9.3";
			developmentRegion = en;
			hasScannedForEncodings = 0;
			knownRegions = (
				en,
				Base,
			);
			mainGroup = D127DB052500EF2400EEBF3E;
			productRefGroup = D127DB0F2500EF2400EEBF3E /* Products */;
			projectDirPath = "";
			projectRoot = "";
			targets = (
				D127DB0D2500EF2400EEBF3E /* TimeTableTest67th */,
			);
		};
/* End PBXProject section */

/* Begin PBXResourcesBuildPhase section */
		D127DB0C2500EF2400EEBF3E /* Resources */ = {
			isa = PBXResourcesBuildPhase;
			buildActionMask = 2147483647;
			files = (
				D127DB1E2500EF2600EEBF3E /* LaunchScreen.storyboard in Resources */,
				D127DB262500F1C100EEBF3E /* GoogleService-Info.plist in Resources */,
				D127DB1B2500EF2600EEBF3E /* Assets.xcassets in Resources */,
				D127DB192500EF2400EEBF3E /* Main.storyboard in Resources */,
				D127DB282500FA5F00EEBF3E /* SlotCell.xib in Resources */,
			);
			runOnlyForDeploymentPostprocessing = 0;
		};
/* End PBXResourcesBuildPhase section */

/* Begin PBXShellScriptBuildPhase section */
		BDB076E25EA3C6B57FBB4CA8 /* [CP] Embed Pods Frameworks */ = {
			isa = PBXShellScriptBuildPhase;
			buildActionMask = 2147483647;
			files = (
			);
			inputFileListPaths = (
				"${PODS_ROOT}/Target Support Files/Pods-TimeTableTest67th/Pods-TimeTableTest67th-frameworks-${CONFIGURATION}-input-files.xcfilelist",
			);
			name = "[CP] Embed Pods Frameworks";
			outputFileListPaths = (
				"${PODS_ROOT}/Target Support Files/Pods-TimeTableTest67th/Pods-TimeTableTest67th-frameworks-${CONFIGURATION}-output-files.xcfilelist",
			);
			runOnlyForDeploymentPostprocessing = 0;
			shellPath = /bin/sh;
			shellScript = "\"${PODS_ROOT}/Target Support Files/Pods-TimeTableTest67th/Pods-TimeTableTest67th-frameworks.sh\"\n";
			showEnvVarsInLog = 0;
		};
		CD99346BC410CBB1790692A8 /* [CP] Check Pods Manifest.lock */ = {
			isa = PBXShellScriptBuildPhase;
			buildActionMask = 2147483647;
			files = (
			);
			inputFileListPaths = (
			);
			inputPaths = (
				"${PODS_PODFILE_DIR_PATH}/Podfile.lock",
				"${PODS_ROOT}/Manifest.lock",
			);
			name = "[CP] Check Pods Manifest.lock";
			outputFileListPaths = (
			);
			outputPaths = (
				"$(DERIVED_FILE_DIR)/Pods-TimeTableTest67th-checkManifestLockResult.txt",
			);
			runOnlyForDeploymentPostprocessing = 0;
			shellPath = /bin/sh;
			shellScript = "diff \"${PODS_PODFILE_DIR_PATH}/Podfile.lock\" \"${PODS_ROOT}/Manifest.lock\" > /dev/null\nif [ $? != 0 ] ; then\n    # print error to STDERR\n    echo \"error: The sandbox is not in sync with the Podfile.lock. Run 'pod install' or update your CocoaPods installation.\" >&2\n    exit 1\nfi\n# This output is used by Xcode 'outputs' to avoid re-running this script phase.\necho \"SUCCESS\" > \"${SCRIPT_OUTPUT_FILE_0}\"\n";
			showEnvVarsInLog = 0;
		};
/* End PBXShellScriptBuildPhase section */

/* Begin PBXSourcesBuildPhase section */
		D127DB0A2500EF2400EEBF3E /* Sources */ = {
			isa = PBXSourcesBuildPhase;
			buildActionMask = 2147483647;
			files = (
				D127DB162500EF2400EEBF3E /* ViewController.swift in Sources */,
				D127DB2A2500FAC100EEBF3E /* Cells.swift in Sources */,
				D127DB122500EF2400EEBF3E /* AppDelegate.swift in Sources */,
				D127DB142500EF2400EEBF3E /* SceneDelegate.swift in Sources */,
				D127DB2C2500FACE00EEBF3E /* Models.swift in Sources */,
			);
			runOnlyForDeploymentPostprocessing = 0;
		};
/* End PBXSourcesBuildPhase section */

/* Begin PBXVariantGroup section */
		D127DB172500EF2400EEBF3E /* Main.storyboard */ = {
			isa = PBXVariantGroup;
			children = (
				D127DB182500EF2400EEBF3E /* Base */,
			);
			name = Main.storyboard;
			sourceTree = "<group>";
		};
		D127DB1C2500EF2600EEBF3E /* LaunchScreen.storyboard */ = {
			isa = PBXVariantGroup;
			children = (
				D127DB1D2500EF2600EEBF3E /* Base */,
			);
			name = LaunchScreen.storyboard;
			sourceTree = "<group>";
		};
/* End PBXVariantGroup section */

/* Begin XCBuildConfiguration section */
		D127DB202500EF2600EEBF3E /* Debug */ = {
			isa = XCBuildConfiguration;
			buildSettings = {
				ALWAYS_SEARCH_USER_PATHS = NO;
				CLANG_ANALYZER_NONNULL = YES;
				CLANG_ANALYZER_NUMBER_OBJECT_CONVERSION = YES_AGGRESSIVE;
				CLANG_CXX_LANGUAGE_STANDARD = "gnu++14";
				CLANG_CXX_LIBRARY = "libc++";
				CLANG_ENABLE_MODULES = YES;
				CLANG_ENABLE_OBJC_ARC = YES;
				CLANG_ENABLE_OBJC_WEAK = YES;
				CLANG_WARN_BLOCK_CAPTURE_AUTORELEASING = YES;
				CLANG_WARN_BOOL_CONVERSION = YES;
				CLANG_WARN_COMMA = YES;
				CLANG_WARN_CONSTANT_CONVERSION = YES;
				CLANG_WARN_DEPRECATED_OBJC_IMPLEMENTATIONS = YES;
				CLANG_WARN_DIRECT_OBJC_ISA_USAGE = YES_ERROR;
				CLANG_WARN_DOCUMENTATION_COMMENTS = YES;
				CLANG_WARN_EMPTY_BODY = YES;
				CLANG_WARN_ENUM_CONVERSION = YES;
				CLANG_WARN_INFINITE_RECURSION = YES;
				CLANG_WARN_INT_CONVERSION = YES;
				CLANG_WARN_NON_LITERAL_NULL_CONVERSION = YES;
				CLANG_WARN_OBJC_IMPLICIT_RETAIN_SELF = YES;
				CLANG_WARN_OBJC_LITERAL_CONVERSION = YES;
				CLANG_WARN_OBJC_ROOT_CLASS = YES_ERROR;
				CLANG_WARN_RANGE_LOOP_ANALYSIS = YES;
				CLANG_WARN_STRICT_PROTOTYPES = YES;
				CLANG_WARN_SUSPICIOUS_MOVE = YES;
				CLANG_WARN_UNGUARDED_AVAILABILITY = YES_AGGRESSIVE;
				CLANG_WARN_UNREACHABLE_CODE = YES;
				CLANG_WARN__DUPLICATE_METHOD_MATCH = YES;
				COPY_PHASE_STRIP = NO;
				DEBUG_INFORMATION_FORMAT = dwarf;
				ENABLE_STRICT_OBJC_MSGSEND = YES;
				ENABLE_TESTABILITY = YES;
				GCC_C_LANGUAGE_STANDARD = gnu11;
				GCC_DYNAMIC_NO_PIC = NO;
				GCC_NO_COMMON_BLOCKS = YES;
				GCC_OPTIMIZATION_LEVEL = 0;
				GCC_PREPROCESSOR_DEFINITIONS = (
					"DEBUG=1",
					"$(inherited)",
				);
				GCC_WARN_64_TO_32_BIT_CONVERSION = YES;
				GCC_WARN_ABOUT_RETURN_TYPE = YES_ERROR;
				GCC_WARN_UNDECLARED_SELECTOR = YES;
				GCC_WARN_UNINITIALIZED_AUTOS = YES_AGGRESSIVE;
				GCC_WARN_UNUSED_FUNCTION = YES;
				GCC_WARN_UNUSED_VARIABLE = YES;
				IPHONEOS_DEPLOYMENT_TARGET = 13.6;
				MTL_ENABLE_DEBUG_INFO = INCLUDE_SOURCE;
				MTL_FAST_MATH = YES;
				ONLY_ACTIVE_ARCH = YES;
				SDKROOT = iphoneos;
				SWIFT_ACTIVE_COMPILATION_CONDITIONS = DEBUG;
				SWIFT_OPTIMIZATION_LEVEL = "-Onone";
			};
			name = Debug;
		};
		D127DB212500EF2600EEBF3E /* Release */ = {
			isa = XCBuildConfiguration;
			buildSettings = {
				ALWAYS_SEARCH_USER_PATHS = NO;
				CLANG_ANALYZER_NONNULL = YES;
				CLANG_ANALYZER_NUMBER_OBJECT_CONVERSION = YES_AGGRESSIVE;
				CLANG_CXX_LANGUAGE_STANDARD = "gnu++14";
				CLANG_CXX_LIBRARY = "libc++";
				CLANG_ENABLE_MODULES = YES;
				CLANG_ENABLE_OBJC_ARC = YES;
				CLANG_ENABLE_OBJC_WEAK = YES;
				CLANG_WARN_BLOCK_CAPTURE_AUTORELEASING = YES;
				CLANG_WARN_BOOL_CONVERSION = YES;
				CLANG_WARN_COMMA = YES;
				CLANG_WARN_CONSTANT_CONVERSION = YES;
				CLANG_WARN_DEPRECATED_OBJC_IMPLEMENTATIONS = YES;
				CLANG_WARN_DIRECT_OBJC_ISA_USAGE = YES_ERROR;
				CLANG_WARN_DOCUMENTATION_COMMENTS = YES;
				CLANG_WARN_EMPTY_BODY = YES;
				CLANG_WARN_ENUM_CONVERSION = YES;
				CLANG_WARN_INFINITE_RECURSION = YES;
				CLANG_WARN_INT_CONVERSION = YES;
				CLANG_WARN_NON_LITERAL_NULL_CONVERSION = YES;
				CLANG_WARN_OBJC_IMPLICIT_RETAIN_SELF = YES;
				CLANG_WARN_OBJC_LITERAL_CONVERSION = YES;
				CLANG_WARN_OBJC_ROOT_CLASS = YES_ERROR;
				CLANG_WARN_RANGE_LOOP_ANALYSIS = YES;
				CLANG_WARN_STRICT_PROTOTYPES = YES;
				CLANG_WARN_SUSPICIOUS_MOVE = YES;
				CLANG_WARN_UNGUARDED_AVAILABILITY = YES_AGGRESSIVE;
				CLANG_WARN_UNREACHABLE_CODE = YES;
				CLANG_WARN__DUPLICATE_METHOD_MATCH = YES;
				COPY_PHASE_STRIP = NO;
				DEBUG_INFORMATION_FORMAT = "dwarf-with-dsym";
				ENABLE_NS_ASSERTIONS = NO;
				ENABLE_STRICT_OBJC_MSGSEND = YES;
				GCC_C_LANGUAGE_STANDARD = gnu11;
				GCC_NO_COMMON_BLOCKS = YES;
				GCC_WARN_64_TO_32_BIT_CONVERSION = YES;
				GCC_WARN_ABOUT_RETURN_TYPE = YES_ERROR;
				GCC_WARN_UNDECLARED_SELECTOR = YES;
				GCC_WARN_UNINITIALIZED_AUTOS = YES_AGGRESSIVE;
				GCC_WARN_UNUSED_FUNCTION = YES;
				GCC_WARN_UNUSED_VARIABLE = YES;
				IPHONEOS_DEPLOYMENT_TARGET = 13.6;
				MTL_ENABLE_DEBUG_INFO = NO;
				MTL_FAST_MATH = YES;
				SDKROOT = iphoneos;
				SWIFT_COMPILATION_MODE = wholemodule;
				SWIFT_OPTIMIZATION_LEVEL = "-O";
				VALIDATE_PRODUCT = YES;
			};
			name = Release;
		};
		D127DB232500EF2600EEBF3E /* Debug */ = {
			isa = XCBuildConfiguration;
			baseConfigurationReference = E92314BAC77061172C4F1819 /* Pods-TimeTableTest67th.debug.xcconfig */;
			buildSettings = {
				ASSETCATALOG_COMPILER_APPICON_NAME = AppIcon;
				CODE_SIGN_STYLE = Automatic;
				DEVELOPMENT_TEAM = M93P6MLCYB;
				INFOPLIST_FILE = TimeTableTest67th/Info.plist;
				LD_RUNPATH_SEARCH_PATHS = (
					"$(inherited)",
					"@executable_path/Frameworks",
				);
				PRODUCT_BUNDLE_IDENTIFIER = com.aoyagih.TimeTableTest67th;
				PRODUCT_NAME = "$(TARGET_NAME)";
				SWIFT_VERSION = 5.0;
				TARGETED_DEVICE_FAMILY = "1,2";
			};
			name = Debug;
		};
		D127DB242500EF2600EEBF3E /* Release */ = {
			isa = XCBuildConfiguration;
			baseConfigurationReference = 89AEFC43962163828F48EF59 /* Pods-TimeTableTest67th.release.xcconfig */;
			buildSettings = {
				ASSETCATALOG_COMPILER_APPICON_NAME = AppIcon;
				CODE_SIGN_STYLE = Automatic;
				DEVELOPMENT_TEAM = M93P6MLCYB;
				INFOPLIST_FILE = TimeTableTest67th/Info.plist;
				LD_RUNPATH_SEARCH_PATHS = (
					"$(inherited)",
					"@executable_path/Frameworks",
				);
				PRODUCT_BUNDLE_IDENTIFIER = com.aoyagih.TimeTableTest67th;
				PRODUCT_NAME = "$(TARGET_NAME)";
				SWIFT_VERSION = 5.0;
				TARGETED_DEVICE_FAMILY = "1,2";
			};
			name = Release;
		};
/* End XCBuildConfiguration section */

/* Begin XCConfigurationList section */
		D127DB092500EF2400EEBF3E /* Build configuration list for PBXProject "TimeTableTest67th" */ = {
			isa = XCConfigurationList;
			buildConfigurations = (
				D127DB202500EF2600EEBF3E /* Debug */,
				D127DB212500EF2600EEBF3E /* Release */,
			);
			defaultConfigurationIsVisible = 0;
			defaultConfigurationName = Release;
		};
		D127DB222500EF2600EEBF3E /* Build configuration list for PBXNativeTarget "TimeTableTest67th" */ = {
			isa = XCConfigurationList;
			buildConfigurations = (
				D127DB232500EF2600EEBF3E /* Debug */,
				D127DB242500EF2600EEBF3E /* Release */,
			);
			defaultConfigurationIsVisible = 0;
			defaultConfigurationName = Release;
		};
/* End XCConfigurationList section */
	};
	rootObject = D127DB062500EF2400EEBF3E /* Project object */;
}
